
Microsoft Visual Studio Solution File, Format Version 12.00
# Visual Studio 14
VisualStudioVersion = 14.0.25420.1
MinimumVisualStudioVersion = 10.0.40219.1
Project("{FAE04EC0-301F-11D3-BF4B-00C04F79EFBC}") = "KinoApp.Droid", "KinoApp\KinoApp.Droid\KinoApp.Droid.csproj", "{D3AAAC17-F927-41C3-BBF0-CD0E7AA60ABC}"
EndProject
Project("{FAE04EC0-301F-11D3-BF4B-00C04F79EFBC}") = "KinoApp.iOS", "KinoApp\KinoApp.iOS\KinoApp.iOS.csproj", "{4ED3995C-2732-4326-BB9B-353DA7F68FC8}"
EndProject
Project("{FAE04EC0-301F-11D3-BF4B-00C04F79EFBC}") = "KinoApp.WinPhone", "KinoApp\KinoApp.WinPhone\KinoApp.WinPhone.csproj", "{B678948A-4258-4715-B3A7-828ACC70B413}"
EndProject
Project("{FAE04EC0-301F-11D3-BF4B-00C04F79EFBC}") = "KinoApp.Windows", "KinoApp\KinoApp.Windows\KinoApp.Windows.csproj", "{5B79F2F7-FBF0-4EA5-85F3-C83A0259F4B7}"
EndProject
Project("{FAE04EC0-301F-11D3-BF4B-00C04F79EFBC}") = "KinoApp", "KinoApp\KinoApp\KinoApp.csproj", "{6C4590CF-D52C-47ED-868C-A6E10C2A43A9}"
EndProject
Global
	GlobalSection(SolutionConfigurationPlatforms) = preSolution
		Ad-Hoc|Any CPU = Ad-Hoc|Any CPU
		Ad-Hoc|ARM = Ad-Hoc|ARM
		Ad-Hoc|iPhone = Ad-Hoc|iPhone
		Ad-Hoc|iPhoneSimulator = Ad-Hoc|iPhoneSimulator
		Ad-Hoc|x64 = Ad-Hoc|x64
		Ad-Hoc|x86 = Ad-Hoc|x86
		AppStore|Any CPU = AppStore|Any CPU
		AppStore|ARM = AppStore|ARM
		AppStore|iPhone = AppStore|iPhone
		AppStore|iPhoneSimulator = AppStore|iPhoneSimulator
		AppStore|x64 = AppStore|x64
		AppStore|x86 = AppStore|x86
		Debug|Any CPU = Debug|Any CPU
		Debug|ARM = Debug|ARM
		Debug|iPhone = Debug|iPhone
		Debug|iPhoneSimulator = Debug|iPhoneSimulator
		Debug|x64 = Debug|x64
		Debug|x86 = Debug|x86
		Release|Any CPU = Release|Any CPU
		Release|ARM = Release|ARM
		Release|iPhone = Release|iPhone
		Release|iPhoneSimulator = Release|iPhoneSimulator
		Release|x64 = Release|x64
		Release|x86 = Release|x86
	EndGlobalSection
	GlobalSection(ProjectConfigurationPlatforms) = postSolution
		{D3AAAC17-F927-41C3-BBF0-CD0E7AA60ABC}.Ad-Hoc|Any CPU.ActiveCfg = Release|Any CPU
		{D3AAAC17-F927-41C3-BBF0-CD0E7AA60ABC}.Ad-Hoc|Any CPU.Build.0 = Release|Any CPU
		{D3AAAC17-F927-41C3-BBF0-CD0E7AA60ABC}.Ad-Hoc|Any CPU.Deploy.0 = Release|Any CPU
		{D3AAAC17-F927-41C3-BBF0-CD0E7AA60ABC}.Ad-Hoc|ARM.ActiveCfg = Release|Any CPU
		{D3AAAC17-F927-41C3-BBF0-CD0E7AA60ABC}.Ad-Hoc|ARM.Build.0 = Release|Any CPU
		{D3AAAC17-F927-41C3-BBF0-CD0E7AA60ABC}.Ad-Hoc|ARM.Deploy.0 = Release|Any CPU
		{D3AAAC17-F927-41C3-BBF0-CD0E7AA60ABC}.Ad-Hoc|iPhone.ActiveCfg = Release|Any CPU
		{D3AAAC17-F927-41C3-BBF0-CD0E7AA60ABC}.Ad-Hoc|iPhone.Build.0 = Release|Any CPU
		{D3AAAC17-F927-41C3-BBF0-CD0E7AA60ABC}.Ad-Hoc|iPhone.Deploy.0 = Release|Any CPU
		{D3AAAC17-F927-41C3-BBF0-CD0E7AA60ABC}.Ad-Hoc|iPhoneSimulator.ActiveCfg = Release|Any CPU
		{D3AAAC17-F927-41C3-BBF0-CD0E7AA60ABC}.Ad-Hoc|iPhoneSimulator.Build.0 = Release|Any CPU
		{D3AAAC17-F927-41C3-BBF0-CD0E7AA60ABC}.Ad-Hoc|iPhoneSimulator.Deploy.0 = Release|Any CPU
		{D3AAAC17-F927-41C3-BBF0-CD0E7AA60ABC}.Ad-Hoc|x64.ActiveCfg = Release|Any CPU
		{D3AAAC17-F927-41C3-BBF0-CD0E7AA60ABC}.Ad-Hoc|x64.Build.0 = Release|Any CPU
		{D3AAAC17-F927-41C3-BBF0-CD0E7AA60ABC}.Ad-Hoc|x64.Deploy.0 = Release|Any CPU
		{D3AAAC17-F927-41C3-BBF0-CD0E7AA60ABC}.Ad-Hoc|x86.ActiveCfg = Release|Any CPU
		{D3AAAC17-F927-41C3-BBF0-CD0E7AA60ABC}.Ad-Hoc|x86.Build.0 = Release|Any CPU
		{D3AAAC17-F927-41C3-BBF0-CD0E7AA60ABC}.Ad-Hoc|x86.Deploy.0 = Release|Any CPU
		{D3AAAC17-F927-41C3-BBF0-CD0E7AA60ABC}.AppStore|Any CPU.ActiveCfg = Release|Any CPU
		{D3AAAC17-F927-41C3-BBF0-CD0E7AA60ABC}.AppStore|Any CPU.Build.0 = Release|Any CPU
		{D3AAAC17-F927-41C3-BBF0-CD0E7AA60ABC}.AppStore|Any CPU.Deploy.0 = Release|Any CPU
		{D3AAAC17-F927-41C3-BBF0-CD0E7AA60ABC}.AppStore|ARM.ActiveCfg = Release|Any CPU
		{D3AAAC17-F927-41C3-BBF0-CD0E7AA60ABC}.AppStore|ARM.Build.0 = Release|Any CPU
		{D3AAAC17-F927-41C3-BBF0-CD0E7AA60ABC}.AppStore|ARM.Deploy.0 = Release|Any CPU
		{D3AAAC17-F927-41C3-BBF0-CD0E7AA60ABC}.AppStore|iPhone.ActiveCfg = Release|Any CPU
		{D3AAAC17-F927-41C3-BBF0-CD0E7AA60ABC}.AppStore|iPhone.Build.0 = Release|Any CPU
		{D3AAAC17-F927-41C3-BBF0-CD0E7AA60ABC}.AppStore|iPhone.Deploy.0 = Release|Any CPU
		{D3AAAC17-F927-41C3-BBF0-CD0E7AA60ABC}.AppStore|iPhoneSimulator.ActiveCfg = Release|Any CPU
		{D3AAAC17-F927-41C3-BBF0-CD0E7AA60ABC}.AppStore|iPhoneSimulator.Build.0 = Release|Any CPU
		{D3AAAC17-F927-41C3-BBF0-CD0E7AA60ABC}.AppStore|iPhoneSimulator.Deploy.0 = Release|Any CPU
		{D3AAAC17-F927-41C3-BBF0-CD0E7AA60ABC}.AppStore|x64.ActiveCfg = Release|Any CPU
		{D3AAAC17-F927-41C3-BBF0-CD0E7AA60ABC}.AppStore|x64.Build.0 = Release|Any CPU
		{D3AAAC17-F927-41C3-BBF0-CD0E7AA60ABC}.AppStore|x64.Deploy.0 = Release|Any CPU
		{D3AAAC17-F927-41C3-BBF0-CD0E7AA60ABC}.AppStore|x86.ActiveCfg = Release|Any CPU
		{D3AAAC17-F927-41C3-BBF0-CD0E7AA60ABC}.AppStore|x86.Build.0 = Release|Any CPU
		{D3AAAC17-F927-41C3-BBF0-CD0E7AA60ABC}.AppStore|x86.Deploy.0 = Release|Any CPU
		{D3AAAC17-F927-41C3-BBF0-CD0E7AA60ABC}.Debug|Any CPU.ActiveCfg = Debug|Any CPU
		{D3AAAC17-F927-41C3-BBF0-CD0E7AA60ABC}.Debug|Any CPU.Build.0 = Debug|Any CPU
		{D3AAAC17-F927-41C3-BBF0-CD0E7AA60ABC}.Debug|Any CPU.Deploy.0 = Debug|Any CPU
		{D3AAAC17-F927-41C3-BBF0-CD0E7AA60ABC}.Debug|ARM.ActiveCfg = Debug|Any CPU
		{D3AAAC17-F927-41C3-BBF0-CD0E7AA60ABC}.Debug|ARM.Build.0 = Debug|Any CPU
		{D3AAAC17-F927-41C3-BBF0-CD0E7AA60ABC}.Debug|ARM.Deploy.0 = Debug|Any CPU
		{D3AAAC17-F927-41C3-BBF0-CD0E7AA60ABC}.Debug|iPhone.ActiveCfg = Debug|Any CPU
		{D3AAAC17-F927-41C3-BBF0-CD0E7AA60ABC}.Debug|iPhone.Build.0 = Debug|Any CPU
		{D3AAAC17-F927-41C3-BBF0-CD0E7AA60ABC}.Debug|iPhone.Deploy.0 = Debug|Any CPU
		{D3AAAC17-F927-41C3-BBF0-CD0E7AA60ABC}.Debug|iPhoneSimulator.ActiveCfg = Debug|Any CPU
		{D3AAAC17-F927-41C3-BBF0-CD0E7AA60ABC}.Debug|iPhoneSimulator.Build.0 = Debug|Any CPU
		{D3AAAC17-F927-41C3-BBF0-CD0E7AA60ABC}.Debug|iPhoneSimulator.Deploy.0 = Debug|Any CPU
		{D3AAAC17-F927-41C3-BBF0-CD0E7AA60ABC}.Debug|x64.ActiveCfg = Debug|Any CPU
		{D3AAAC17-F927-41C3-BBF0-CD0E7AA60ABC}.Debug|x64.Build.0 = Debug|Any CPU
		{D3AAAC17-F927-41C3-BBF0-CD0E7AA60ABC}.Debug|x64.Deploy.0 = Debug|Any CPU
		{D3AAAC17-F927-41C3-BBF0-CD0E7AA60ABC}.Debug|x86.ActiveCfg = Debug|Any CPU
		{D3AAAC17-F927-41C3-BBF0-CD0E7AA60ABC}.Debug|x86.Build.0 = Debug|Any CPU
		{D3AAAC17-F927-41C3-BBF0-CD0E7AA60ABC}.Debug|x86.Deploy.0 = Debug|Any CPU
		{D3AAAC17-F927-41C3-BBF0-CD0E7AA60ABC}.Release|Any CPU.ActiveCfg = Release|Any CPU
		{D3AAAC17-F927-41C3-BBF0-CD0E7AA60ABC}.Release|Any CPU.Build.0 = Release|Any CPU
		{D3AAAC17-F927-41C3-BBF0-CD0E7AA60ABC}.Release|Any CPU.Deploy.0 = Release|Any CPU
		{D3AAAC17-F927-41C3-BBF0-CD0E7AA60ABC}.Release|ARM.ActiveCfg = Release|Any CPU
		{D3AAAC17-F927-41C3-BBF0-CD0E7AA60ABC}.Release|ARM.Build.0 = Release|Any CPU
		{D3AAAC17-F927-41C3-BBF0-CD0E7AA60ABC}.Release|ARM.Deploy.0 = Release|Any CPU
		{D3AAAC17-F927-41C3-BBF0-CD0E7AA60ABC}.Release|iPhone.ActiveCfg = Release|Any CPU
		{D3AAAC17-F927-41C3-BBF0-CD0E7AA60ABC}.Release|iPhone.Build.0 = Release|Any CPU
		{D3AAAC17-F927-41C3-BBF0-CD0E7AA60ABC}.Release|iPhone.Deploy.0 = Release|Any CPU
		{D3AAAC17-F927-41C3-BBF0-CD0E7AA60ABC}.Release|iPhoneSimulator.ActiveCfg = Release|Any CPU
		{D3AAAC17-F927-41C3-BBF0-CD0E7AA60ABC}.Release|iPhoneSimulator.Build.0 = Release|Any CPU
		{D3AAAC17-F927-41C3-BBF0-CD0E7AA60ABC}.Release|iPhoneSimulator.Deploy.0 = Release|Any CPU
		{D3AAAC17-F927-41C3-BBF0-CD0E7AA60ABC}.Release|x64.ActiveCfg = Release|Any CPU
		{D3AAAC17-F927-41C3-BBF0-CD0E7AA60ABC}.Release|x64.Build.0 = Release|Any CPU
		{D3AAAC17-F927-41C3-BBF0-CD0E7AA60ABC}.Release|x64.Deploy.0 = Release|Any CPU
		{D3AAAC17-F927-41C3-BBF0-CD0E7AA60ABC}.Release|x86.ActiveCfg = Release|Any CPU
		{D3AAAC17-F927-41C3-BBF0-CD0E7AA60ABC}.Release|x86.Build.0 = Release|Any CPU
		{D3AAAC17-F927-41C3-BBF0-CD0E7AA60ABC}.Release|x86.Deploy.0 = Release|Any CPU
		{4ED3995C-2732-4326-BB9B-353DA7F68FC8}.Ad-Hoc|Any CPU.ActiveCfg = Ad-Hoc|iPhone
		{4ED3995C-2732-4326-BB9B-353DA7F68FC8}.Ad-Hoc|ARM.ActiveCfg = Ad-Hoc|iPhone
		{4ED3995C-2732-4326-BB9B-353DA7F68FC8}.Ad-Hoc|iPhone.ActiveCfg = Ad-Hoc|iPhone
		{4ED3995C-2732-4326-BB9B-353DA7F68FC8}.Ad-Hoc|iPhone.Build.0 = Ad-Hoc|iPhone
		{4ED3995C-2732-4326-BB9B-353DA7F68FC8}.Ad-Hoc|iPhoneSimulator.ActiveCfg = Ad-Hoc|iPhoneSimulator
		{4ED3995C-2732-4326-BB9B-353DA7F68FC8}.Ad-Hoc|iPhoneSimulator.Build.0 = Ad-Hoc|iPhoneSimulator
		{4ED3995C-2732-4326-BB9B-353DA7F68FC8}.Ad-Hoc|x64.ActiveCfg = Ad-Hoc|iPhone
		{4ED3995C-2732-4326-BB9B-353DA7F68FC8}.Ad-Hoc|x86.ActiveCfg = Ad-Hoc|iPhone
		{4ED3995C-2732-4326-BB9B-353DA7F68FC8}.AppStore|Any CPU.ActiveCfg = AppStore|iPhone
		{4ED3995C-2732-4326-BB9B-353DA7F68FC8}.AppStore|ARM.ActiveCfg = AppStore|iPhone
		{4ED3995C-2732-4326-BB9B-353DA7F68FC8}.AppStore|iPhone.ActiveCfg = AppStore|iPhone
		{4ED3995C-2732-4326-BB9B-353DA7F68FC8}.AppStore|iPhone.Build.0 = AppStore|iPhone
		{4ED3995C-2732-4326-BB9B-353DA7F68FC8}.AppStore|iPhoneSimulator.ActiveCfg = AppStore|iPhoneSimulator
		{4ED3995C-2732-4326-BB9B-353DA7F68FC8}.AppStore|iPhoneSimulator.Build.0 = AppStore|iPhoneSimulator
		{4ED3995C-2732-4326-BB9B-353DA7F68FC8}.AppStore|x64.ActiveCfg = AppStore|iPhone
		{4ED3995C-2732-4326-BB9B-353DA7F68FC8}.AppStore|x86.ActiveCfg = AppStore|iPhone
		{4ED3995C-2732-4326-BB9B-353DA7F68FC8}.Debug|Any CPU.ActiveCfg = Debug|iPhone
		{4ED3995C-2732-4326-BB9B-353DA7F68FC8}.Debug|ARM.ActiveCfg = Debug|iPhone
		{4ED3995C-2732-4326-BB9B-353DA7F68FC8}.Debug|iPhone.ActiveCfg = Debug|iPhone
		{4ED3995C-2732-4326-BB9B-353DA7F68FC8}.Debug|iPhone.Build.0 = Debug|iPhone
		{4ED3995C-2732-4326-BB9B-353DA7F68FC8}.Debug|iPhoneSimulator.ActiveCfg = Debug|iPhoneSimulator
		{4ED3995C-2732-4326-BB9B-353DA7F68FC8}.Debug|iPhoneSimulator.Build.0 = Debug|iPhoneSimulator
		{4ED3995C-2732-4326-BB9B-353DA7F68FC8}.Debug|x64.ActiveCfg = Debug|iPhone
		{4ED3995C-2732-4326-BB9B-353DA7F68FC8}.Debug|x86.ActiveCfg = Debug|iPhone
		{4ED3995C-2732-4326-BB9B-353DA7F68FC8}.Release|Any CPU.ActiveCfg = Release|iPhone
		{4ED3995C-2732-4326-BB9B-353DA7F68FC8}.Release|ARM.ActiveCfg = Release|iPhone
		{4ED3995C-2732-4326-BB9B-353DA7F68FC8}.Release|iPhone.ActiveCfg = Release|iPhone
		{4ED3995C-2732-4326-BB9B-353DA7F68FC8}.Release|iPhone.Build.0 = Release|iPhone
		{4ED3995C-2732-4326-BB9B-353DA7F68FC8}.Release|iPhoneSimulator.ActiveCfg = Release|iPhoneSimulator
		{4ED3995C-2732-4326-BB9B-353DA7F68FC8}.Release|iPhoneSimulator.Build.0 = Release|iPhoneSimulator
		{4ED3995C-2732-4326-BB9B-353DA7F68FC8}.Release|x64.ActiveCfg = Release|iPhone
		{4ED3995C-2732-4326-BB9B-353DA7F68FC8}.Release|x86.ActiveCfg = Release|iPhone
		{B678948A-4258-4715-B3A7-828ACC70B413}.Ad-Hoc|Any CPU.ActiveCfg = Release|Any CPU
		{B678948A-4258-4715-B3A7-828ACC70B413}.Ad-Hoc|Any CPU.Build.0 = Release|Any CPU
		{B678948A-4258-4715-B3A7-828ACC70B413}.Ad-Hoc|Any CPU.Deploy.0 = Release|Any CPU
		{B678948A-4258-4715-B3A7-828ACC70B413}.Ad-Hoc|ARM.ActiveCfg = Release|ARM
		{B678948A-4258-4715-B3A7-828ACC70B413}.Ad-Hoc|ARM.Build.0 = Release|ARM
		{B678948A-4258-4715-B3A7-828ACC70B413}.Ad-Hoc|ARM.Deploy.0 = Release|ARM
		{B678948A-4258-4715-B3A7-828ACC70B413}.Ad-Hoc|iPhone.ActiveCfg = Release|Any CPU
		{B678948A-4258-4715-B3A7-828ACC70B413}.Ad-Hoc|iPhone.Build.0 = Release|Any CPU
		{B678948A-4258-4715-B3A7-828ACC70B413}.Ad-Hoc|iPhone.Deploy.0 = Release|Any CPU
		{B678948A-4258-4715-B3A7-828ACC70B413}.Ad-Hoc|iPhoneSimulator.ActiveCfg = Release|Any CPU
		{B678948A-4258-4715-B3A7-828ACC70B413}.Ad-Hoc|iPhoneSimulator.Build.0 = Release|Any CPU
		{B678948A-4258-4715-B3A7-828ACC70B413}.Ad-Hoc|iPhoneSimulator.Deploy.0 = Release|Any CPU
		{B678948A-4258-4715-B3A7-828ACC70B413}.Ad-Hoc|x64.ActiveCfg = Release|Any CPU
		{B678948A-4258-4715-B3A7-828ACC70B413}.Ad-Hoc|x64.Build.0 = Release|Any CPU
		{B678948A-4258-4715-B3A7-828ACC70B413}.Ad-Hoc|x64.Deploy.0 = Release|Any CPU
		{B678948A-4258-4715-B3A7-828ACC70B413}.Ad-Hoc|x86.ActiveCfg = Release|x86
		{B678948A-4258-4715-B3A7-828ACC70B413}.Ad-Hoc|x86.Build.0 = Release|x86
		{B678948A-4258-4715-B3A7-828ACC70B413}.Ad-Hoc|x86.Deploy.0 = Release|x86
		{B678948A-4258-4715-B3A7-828ACC70B413}.AppStore|Any CPU.ActiveCfg = Release|Any CPU
		{B678948A-4258-4715-B3A7-828ACC70B413}.AppStore|Any CPU.Build.0 = Release|Any CPU
		{B678948A-4258-4715-B3A7-828ACC70B413}.AppStore|Any CPU.Deploy.0 = Release|Any CPU
		{B678948A-4258-4715-B3A7-828ACC70B413}.AppStore|ARM.ActiveCfg = Release|ARM
		{B678948A-4258-4715-B3A7-828ACC70B413}.AppStore|ARM.Build.0 = Release|ARM
		{B678948A-4258-4715-B3A7-828ACC70B413}.AppStore|ARM.Deploy.0 = Release|ARM
		{B678948A-4258-4715-B3A7-828ACC70B413}.AppStore|iPhone.ActiveCfg = Release|Any CPU
		{B678948A-4258-4715-B3A7-828ACC70B413}.AppStore|iPhone.Build.0 = Release|Any CPU
		{B678948A-4258-4715-B3A7-828ACC70B413}.AppStore|iPhone.Deploy.0 = Release|Any CPU
		{B678948A-4258-4715-B3A7-828ACC70B413}.AppStore|iPhoneSimulator.ActiveCfg = Release|Any CPU
		{B678948A-4258-4715-B3A7-828ACC70B413}.AppStore|iPhoneSimulator.Build.0 = Release|Any CPU
		{B678948A-4258-4715-B3A7-828ACC70B413}.AppStore|iPhoneSimulator.Deploy.0 = Release|Any CPU
		{B678948A-4258-4715-B3A7-828ACC70B413}.AppStore|x64.ActiveCfg = Release|Any CPU
		{B678948A-4258-4715-B3A7-828ACC70B413}.AppStore|x64.Build.0 = Release|Any CPU
		{B678948A-4258-4715-B3A7-828ACC70B413}.AppStore|x64.Deploy.0 = Release|Any CPU
		{B678948A-4258-4715-B3A7-828ACC70B413}.AppStore|x86.ActiveCfg = Release|x86
		{B678948A-4258-4715-B3A7-828ACC70B413}.AppStore|x86.Build.0 = Release|x86
		{B678948A-4258-4715-B3A7-828ACC70B413}.AppStore|x86.Deploy.0 = Release|x86
		{B678948A-4258-4715-B3A7-828ACC70B413}.Debug|Any CPU.ActiveCfg = Debug|Any CPU
		{B678948A-4258-4715-B3A7-828ACC70B413}.Debug|Any CPU.Build.0 = Debug|Any CPU
		{B678948A-4258-4715-B3A7-828ACC70B413}.Debug|Any CPU.Deploy.0 = Debug|Any CPU
		{B678948A-4258-4715-B3A7-828ACC70B413}.Debug|ARM.ActiveCfg = Debug|ARM
		{B678948A-4258-4715-B3A7-828ACC70B413}.Debug|ARM.Build.0 = Debug|ARM
		{B678948A-4258-4715-B3A7-828ACC70B413}.Debug|ARM.Deploy.0 = Debug|ARM
		{B678948A-4258-4715-B3A7-828ACC70B413}.Debug|iPhone.ActiveCfg = Debug|Any CPU
		{B678948A-4258-4715-B3A7-828ACC70B413}.Debug|iPhone.Build.0 = Debug|Any CPU
		{B678948A-4258-4715-B3A7-828ACC70B413}.Debug|iPhone.Deploy.0 = Debug|Any CPU
		{B678948A-4258-4715-B3A7-828ACC70B413}.Debug|iPhoneSimulator.ActiveCfg = Debug|Any CPU
		{B678948A-4258-4715-B3A7-828ACC70B413}.Debug|iPhoneSimulator.Build.0 = Debug|Any CPU
		{B678948A-4258-4715-B3A7-828ACC70B413}.Debug|iPhoneSimulator.Deploy.0 = Debug|Any CPU
		{B678948A-4258-4715-B3A7-828ACC70B413}.Debug|x64.ActiveCfg = Debug|Any CPU
		{B678948A-4258-4715-B3A7-828ACC70B413}.Debug|x64.Build.0 = Debug|Any CPU
		{B678948A-4258-4715-B3A7-828ACC70B413}.Debug|x64.Deploy.0 = Debug|Any CPU
		{B678948A-4258-4715-B3A7-828ACC70B413}.Debug|x86.ActiveCfg = Debug|x86
		{B678948A-4258-4715-B3A7-828ACC70B413}.Debug|x86.Build.0 = Debug|x86
		{B678948A-4258-4715-B3A7-828ACC70B413}.Debug|x86.Deploy.0 = Debug|x86
		{B678948A-4258-4715-B3A7-828ACC70B413}.Release|Any CPU.ActiveCfg = Release|Any CPU
		{B678948A-4258-4715-B3A7-828ACC70B413}.Release|Any CPU.Build.0 = Release|Any CPU
		{B678948A-4258-4715-B3A7-828ACC70B413}.Release|Any CPU.Deploy.0 = Release|Any CPU
		{B678948A-4258-4715-B3A7-828ACC70B413}.Release|ARM.ActiveCfg = Release|ARM
		{B678948A-4258-4715-B3A7-828ACC70B413}.Release|ARM.Build.0 = Release|ARM
		{B678948A-4258-4715-B3A7-828ACC70B413}.Release|ARM.Deploy.0 = Release|ARM
		{B678948A-4258-4715-B3A7-828ACC70B413}.Release|iPhone.ActiveCfg = Release|Any CPU
		{B678948A-4258-4715-B3A7-828ACC70B413}.Release|iPhone.Build.0 = Release|Any CPU
		{B678948A-4258-4715-B3A7-828ACC70B413}.Release|iPhone.Deploy.0 = Release|Any CPU
		{B678948A-4258-4715-B3A7-828ACC70B413}.Release|iPhoneSimulator.ActiveCfg = Release|Any CPU
		{B678948A-4258-4715-B3A7-828ACC70B413}.Release|iPhoneSimulator.Build.0 = Release|Any CPU
		{B678948A-4258-4715-B3A7-828ACC70B413}.Release|iPhoneSimulator.Deploy.0 = Release|Any CPU
		{B678948A-4258-4715-B3A7-828ACC70B413}.Release|x64.ActiveCfg = Release|Any CPU
		{B678948A-4258-4715-B3A7-828ACC70B413}.Release|x64.Build.0 = Release|Any CPU
		{B678948A-4258-4715-B3A7-828ACC70B413}.Release|x64.Deploy.0 = Release|Any CPU
		{B678948A-4258-4715-B3A7-828ACC70B413}.Release|x86.ActiveCfg = Release|x86
		{B678948A-4258-4715-B3A7-828ACC70B413}.Release|x86.Build.0 = Release|x86
		{B678948A-4258-4715-B3A7-828ACC70B413}.Release|x86.Deploy.0 = Release|x86
		{5B79F2F7-FBF0-4EA5-85F3-C83A0259F4B7}.Ad-Hoc|Any CPU.ActiveCfg = Release|Any CPU
		{5B79F2F7-FBF0-4EA5-85F3-C83A0259F4B7}.Ad-Hoc|Any CPU.Build.0 = Release|Any CPU
		{5B79F2F7-FBF0-4EA5-85F3-C83A0259F4B7}.Ad-Hoc|Any CPU.Deploy.0 = Release|Any CPU
		{5B79F2F7-FBF0-4EA5-85F3-C83A0259F4B7}.Ad-Hoc|ARM.ActiveCfg = Release|ARM
		{5B79F2F7-FBF0-4EA5-85F3-C83A0259F4B7}.Ad-Hoc|ARM.Build.0 = Release|ARM
		{5B79F2F7-FBF0-4EA5-85F3-C83A0259F4B7}.Ad-Hoc|ARM.Deploy.0 = Release|ARM
		{5B79F2F7-FBF0-4EA5-85F3-C83A0259F4B7}.Ad-Hoc|iPhone.ActiveCfg = Release|Any CPU
		{5B79F2F7-FBF0-4EA5-85F3-C83A0259F4B7}.Ad-Hoc|iPhone.Build.0 = Release|Any CPU
		{5B79F2F7-FBF0-4EA5-85F3-C83A0259F4B7}.Ad-Hoc|iPhone.Deploy.0 = Release|Any CPU
		{5B79F2F7-FBF0-4EA5-85F3-C83A0259F4B7}.Ad-Hoc|iPhoneSimulator.ActiveCfg = Release|Any CPU
		{5B79F2F7-FBF0-4EA5-85F3-C83A0259F4B7}.Ad-Hoc|iPhoneSimulator.Build.0 = Release|Any CPU
		{5B79F2F7-FBF0-4EA5-85F3-C83A0259F4B7}.Ad-Hoc|iPhoneSimulator.Deploy.0 = Release|Any CPU
		{5B79F2F7-FBF0-4EA5-85F3-C83A0259F4B7}.Ad-Hoc|x64.ActiveCfg = Release|x64
		{5B79F2F7-FBF0-4EA5-85F3-C83A0259F4B7}.Ad-Hoc|x64.Build.0 = Release|x64
		{5B79F2F7-FBF0-4EA5-85F3-C83A0259F4B7}.Ad-Hoc|x64.Deploy.0 = Release|x64
		{5B79F2F7-FBF0-4EA5-85F3-C83A0259F4B7}.Ad-Hoc|x86.ActiveCfg = Release|x86
		{5B79F2F7-FBF0-4EA5-85F3-C83A0259F4B7}.Ad-Hoc|x86.Build.0 = Release|x86
		{5B79F2F7-FBF0-4EA5-85F3-C83A0259F4B7}.Ad-Hoc|x86.Deploy.0 = Release|x86
		{5B79F2F7-FBF0-4EA5-85F3-C83A0259F4B7}.AppStore|Any CPU.ActiveCfg = Release|Any CPU
		{5B79F2F7-FBF0-4EA5-85F3-C83A0259F4B7}.AppStore|Any CPU.Build.0 = Release|Any CPU
		{5B79F2F7-FBF0-4EA5-85F3-C83A0259F4B7}.AppStore|Any CPU.Deploy.0 = Release|Any CPU
		{5B79F2F7-FBF0-4EA5-85F3-C83A0259F4B7}.AppStore|ARM.ActiveCfg = Release|ARM
		{5B79F2F7-FBF0-4EA5-85F3-C83A0259F4B7}.AppStore|ARM.Build.0 = Release|ARM
		{5B79F2F7-FBF0-4EA5-85F3-C83A0259F4B7}.AppStore|ARM.Deploy.0 = Release|ARM
		{5B79F2F7-FBF0-4EA5-85F3-C83A0259F4B7}.AppStore|iPhone.ActiveCfg = Release|Any CPU
		{5B79F2F7-FBF0-4EA5-85F3-C83A0259F4B7}.AppStore|iPhone.Build.0 = Release|Any CPU
		{5B79F2F7-FBF0-4EA5-85F3-C83A0259F4B7}.AppStore|iPhone.Deploy.0 = Release|Any CPU
		{5B79F2F7-FBF0-4EA5-85F3-C83A0259F4B7}.AppStore|iPhoneSimulator.ActiveCfg = Release|Any CPU
		{5B79F2F7-FBF0-4EA5-85F3-C83A0259F4B7}.AppStore|iPhoneSimulator.Build.0 = Release|Any CPU
		{5B79F2F7-FBF0-4EA5-85F3-C83A0259F4B7}.AppStore|iPhoneSimulator.Deploy.0 = Release|Any CPU
		{5B79F2F7-FBF0-4EA5-85F3-C83A0259F4B7}.AppStore|x64.ActiveCfg = Release|x64
		{5B79F2F7-FBF0-4EA5-85F3-C83A0259F4B7}.AppStore|x64.Build.0 = Release|x64
		{5B79F2F7-FBF0-4EA5-85F3-C83A0259F4B7}.AppStore|x64.Deploy.0 = Release|x64
		{5B79F2F7-FBF0-4EA5-85F3-C83A0259F4B7}.AppStore|x86.ActiveCfg = Release|x86
		{5B79F2F7-FBF0-4EA5-85F3-C83A0259F4B7}.AppStore|x86.Build.0 = Release|x86
		{5B79F2F7-FBF0-4EA5-85F3-C83A0259F4B7}.AppStore|x86.Deploy.0 = Release|x86
		{5B79F2F7-FBF0-4EA5-85F3-C83A0259F4B7}.Debug|Any CPU.ActiveCfg = Debug|Any CPU
		{5B79F2F7-FBF0-4EA5-85F3-C83A0259F4B7}.Debug|Any CPU.Build.0 = Debug|Any CPU
		{5B79F2F7-FBF0-4EA5-85F3-C83A0259F4B7}.Debug|Any CPU.Deploy.0 = Debug|Any CPU
		{5B79F2F7-FBF0-4EA5-85F3-C83A0259F4B7}.Debug|ARM.ActiveCfg = Debug|ARM
		{5B79F2F7-FBF0-4EA5-85F3-C83A0259F4B7}.Debug|ARM.Build.0 = Debug|ARM
		{5B79F2F7-FBF0-4EA5-85F3-C83A0259F4B7}.Debug|ARM.Deploy.0 = Debug|ARM
		{5B79F2F7-FBF0-4EA5-85F3-C83A0259F4B7}.Debug|iPhone.ActiveCfg = Debug|Any CPU
		{5B79F2F7-FBF0-4EA5-85F3-C83A0259F4B7}.Debug|iPhone.Build.0 = Debug|Any CPU
		{5B79F2F7-FBF0-4EA5-85F3-C83A0259F4B7}.Debug|iPhone.Deploy.0 = Debug|Any CPU
		{5B79F2F7-FBF0-4EA5-85F3-C83A0259F4B7}.Debug|iPhoneSimulator.ActiveCfg = Debug|Any CPU
		{5B79F2F7-FBF0-4EA5-85F3-C83A0259F4B7}.Debug|iPhoneSimulator.Build.0 = Debug|Any CPU
		{5B79F2F7-FBF0-4EA5-85F3-C83A0259F4B7}.Debug|iPhoneSimulator.Deploy.0 = Debug|Any CPU
		{5B79F2F7-FBF0-4EA5-85F3-C83A0259F4B7}.Debug|x64.ActiveCfg = Debug|x64
		{5B79F2F7-FBF0-4EA5-85F3-C83A0259F4B7}.Debug|x64.Build.0 = Debug|x64
		{5B79F2F7-FBF0-4EA5-85F3-C83A0259F4B7}.Debug|x64.Deploy.0 = Debug|x64
		{5B79F2F7-FBF0-4EA5-85F3-C83A0259F4B7}.Debug|x86.ActiveCfg = Debug|x86
		{5B79F2F7-FBF0-4EA5-85F3-C83A0259F4B7}.Debug|x86.Build.0 = Debug|x86
		{5B79F2F7-FBF0-4EA5-85F3-C83A0259F4B7}.Debug|x86.Deploy.0 = Debug|x86
		{5B79F2F7-FBF0-4EA5-85F3-C83A0259F4B7}.Release|Any CPU.ActiveCfg = Release|Any CPU
		{5B79F2F7-FBF0-4EA5-85F3-C83A0259F4B7}.Release|Any CPU.Build.0 = Release|Any CPU
		{5B79F2F7-FBF0-4EA5-85F3-C83A0259F4B7}.Release|Any CPU.Deploy.0 = Release|Any CPU
		{5B79F2F7-FBF0-4EA5-85F3-C83A0259F4B7}.Release|ARM.ActiveCfg = Release|ARM
		{5B79F2F7-FBF0-4EA5-85F3-C83A0259F4B7}.Release|ARM.Build.0 = Release|ARM
		{5B79F2F7-FBF0-4EA5-85F3-C83A0259F4B7}.Release|ARM.Deploy.0 = Release|ARM
		{5B79F2F7-FBF0-4EA5-85F3-C83A0259F4B7}.Release|iPhone.ActiveCfg = Release|Any CPU
		{5B79F2F7-FBF0-4EA5-85F3-C83A0259F4B7}.Release|iPhone.Build.0 = Release|Any CPU
		{5B79F2F7-FBF0-4EA5-85F3-C83A0259F4B7}.Release|iPhone.Deploy.0 = Release|Any CPU
		{5B79F2F7-FBF0-4EA5-85F3-C83A0259F4B7}.Release|iPhoneSimulator.ActiveCfg = Release|Any CPU
		{5B79F2F7-FBF0-4EA5-85F3-C83A0259F4B7}.Release|iPhoneSimulator.Build.0 = Release|Any CPU
		{5B79F2F7-FBF0-4EA5-85F3-C83A0259F4B7}.Release|iPhoneSimulator.Deploy.0 = Release|Any CPU
		{5B79F2F7-FBF0-4EA5-85F3-C83A0259F4B7}.Release|x64.ActiveCfg = Release|x64
		{5B79F2F7-FBF0-4EA5-85F3-C83A0259F4B7}.Release|x64.Build.0 = Release|x64
		{5B79F2F7-FBF0-4EA5-85F3-C83A0259F4B7}.Release|x64.Deploy.0 = Release|x64
		{5B79F2F7-FBF0-4EA5-85F3-C83A0259F4B7}.Release|x86.ActiveCfg = Release|x86
		{5B79F2F7-FBF0-4EA5-85F3-C83A0259F4B7}.Release|x86.Build.0 = Release|x86
		{5B79F2F7-FBF0-4EA5-85F3-C83A0259F4B7}.Release|x86.Deploy.0 = Release|x86
		{6C4590CF-D52C-47ED-868C-A6E10C2A43A9}.Ad-Hoc|Any CPU.ActiveCfg = Release|Any CPU
		{6C4590CF-D52C-47ED-868C-A6E10C2A43A9}.Ad-Hoc|Any CPU.Build.0 = Release|Any CPU
		{6C4590CF-D52C-47ED-868C-A6E10C2A43A9}.Ad-Hoc|ARM.ActiveCfg = Release|Any CPU
		{6C4590CF-D52C-47ED-868C-A6E10C2A43A9}.Ad-Hoc|ARM.Build.0 = Release|Any CPU
		{6C4590CF-D52C-47ED-868C-A6E10C2A43A9}.Ad-Hoc|iPhone.ActiveCfg = Release|Any CPU
		{6C4590CF-D52C-47ED-868C-A6E10C2A43A9}.Ad-Hoc|iPhone.Build.0 = Release|Any CPU
		{6C4590CF-D52C-47ED-868C-A6E10C2A43A9}.Ad-Hoc|iPhoneSimulator.ActiveCfg = Release|Any CPU
		{6C4590CF-D52C-47ED-868C-A6E10C2A43A9}.Ad-Hoc|iPhoneSimulator.Build.0 = Release|Any CPU
		{6C4590CF-D52C-47ED-868C-A6E10C2A43A9}.Ad-Hoc|x64.ActiveCfg = Release|Any CPU
		{6C4590CF-D52C-47ED-868C-A6E10C2A43A9}.Ad-Hoc|x64.Build.0 = Release|Any CPU
		{6C4590CF-D52C-47ED-868C-A6E10C2A43A9}.Ad-Hoc|x86.ActiveCfg = Release|Any CPU
		{6C4590CF-D52C-47ED-868C-A6E10C2A43A9}.Ad-Hoc|x86.Build.0 = Release|Any CPU
		{6C4590CF-D52C-47ED-868C-A6E10C2A43A9}.AppStore|Any CPU.ActiveCfg = Release|Any CPU
		{6C4590CF-D52C-47ED-868C-A6E10C2A43A9}.AppStore|Any CPU.Build.0 = Release|Any CPU
		{6C4590CF-D52C-47ED-868C-A6E10C2A43A9}.AppStore|ARM.ActiveCfg = Release|Any CPU
		{6C4590CF-D52C-47ED-868C-A6E10C2A43A9}.AppStore|ARM.Build.0 = Release|Any CPU
		{6C4590CF-D52C-47ED-868C-A6E10C2A43A9}.AppStore|iPhone.ActiveCfg = Release|Any CPU
		{6C4590CF-D52C-47ED-868C-A6E10C2A43A9}.AppStore|iPhone.Build.0 = Release|Any CPU
		{6C4590CF-D52C-47ED-868C-A6E10C2A43A9}.AppStore|iPhoneSimulator.ActiveCfg = Release|Any CPU
		{6C4590CF-D52C-47ED-868C-A6E10C2A43A9}.AppStore|iPhoneSimulator.Build.0 = Release|Any CPU
		{6C4590CF-D52C-47ED-868C-A6E10C2A43A9}.AppStore|x64.ActiveCfg = Release|Any CPU
		{6C4590CF-D52C-47ED-868C-A6E10C2A43A9}.AppStore|x64.Build.0 = Release|Any CPU
		{6C4590CF-D52C-47ED-868C-A6E10C2A43A9}.AppStore|x86.ActiveCfg = Release|Any CPU
		{6C4590CF-D52C-47ED-868C-A6E10C2A43A9}.AppStore|x86.Build.0 = Release|Any CPU
		{6C4590CF-D52C-47ED-868C-A6E10C2A43A9}.Debug|Any CPU.ActiveCfg = Debug|Any CPU
		{6C4590CF-D52C-47ED-868C-A6E10C2A43A9}.Debug|Any CPU.Build.0 = Debug|Any CPU
		{6C4590CF-D52C-47ED-868C-A6E10C2A43A9}.Debug|ARM.ActiveCfg = Debug|Any CPU
		{6C4590CF-D52C-47ED-868C-A6E10C2A43A9}.Debug|ARM.Build.0 = Debug|Any CPU
		{6C4590CF-D52C-47ED-868C-A6E10C2A43A9}.Debug|iPhone.ActiveCfg = Debug|Any CPU
		{6C4590CF-D52C-47ED-868C-A6E10C2A43A9}.Debug|iPhone.Build.0 = Debug|Any CPU
		{6C4590CF-D52C-47ED-868C-A6E10C2A43A9}.Debug|iPhoneSimulator.ActiveCfg = Debug|Any CPU
		{6C4590CF-D52C-47ED-868C-A6E10C2A43A9}.Debug|iPhoneSimulator.Build.0 = Debug|Any CPU
		{6C4590CF-D52C-47ED-868C-A6E10C2A43A9}.Debug|x64.ActiveCfg = Debug|Any CPU
		{6C4590CF-D52C-47ED-868C-A6E10C2A43A9}.Debug|x64.Build.0 = Debug|Any CPU
		{6C4590CF-D52C-47ED-868C-A6E10C2A43A9}.Debug|x86.ActiveCfg = Debug|Any CPU
		{6C4590CF-D52C-47ED-868C-A6E10C2A43A9}.Debug|x86.Build.0 = Debug|Any CPU
		{6C4590CF-D52C-47ED-868C-A6E10C2A43A9}.Release|Any CPU.ActiveCfg = Release|Any CPU
		{6C4590CF-D52C-47ED-868C-A6E10C2A43A9}.Release|Any CPU.Build.0 = Release|Any CPU
		{6C4590CF-D52C-47ED-868C-A6E10C2A43A9}.Release|ARM.ActiveCfg = Release|Any CPU
		{6C4590CF-D52C-47ED-868C-A6E10C2A43A9}.Release|ARM.Build.0 = Release|Any CPU
		{6C4590CF-D52C-47ED-868C-A6E10C2A43A9}.Release|iPhone.ActiveCfg = Release|Any CPU
		{6C4590CF-D52C-47ED-868C-A6E10C2A43A9}.Release|iPhone.Build.0 = Release|Any CPU
		{6C4590CF-D52C-47ED-868C-A6E10C2A43A9}.Release|iPhoneSimulator.ActiveCfg = Release|Any CPU
		{6C4590CF-D52C-47ED-868C-A6E10C2A43A9}.Release|iPhoneSimulator.Build.0 = Release|Any CPU
		{6C4590CF-D52C-47ED-868C-A6E10C2A43A9}.Release|x64.ActiveCfg = Release|Any CPU
		{6C4590CF-D52C-47ED-868C-A6E10C2A43A9}.Release|x64.Build.0 = Release|Any CPU
		{6C4590CF-D52C-47ED-868C-A6E10C2A43A9}.Release|x86.ActiveCfg = Release|Any CPU
		{6C4590CF-D52C-47ED-868C-A6E10C2A43A9}.Release|x86.Build.0 = Release|Any CPU
	EndGlobalSection
	GlobalSection(SolutionProperties) = preSolution
		HideSolutionNode = FALSE
	EndGlobalSection
EndGlobal
